// !$*UTF8*$!
{
	archiveVersion = 1;
	classes = {
	};
	objectVersion = 50;
	objects = {

/* Begin PBXBuildFile section */
		6B88244824E70D1B00B2005B /* StringValidator.swift in Sources */ = {isa = PBXBuildFile; fileRef = 6B88243824E70D1B00B2005B /* StringValidator.swift */; };
		6B88244924E70D1B00B2005B /* AlertsFactory.swift in Sources */ = {isa = PBXBuildFile; fileRef = 6B88243924E70D1B00B2005B /* AlertsFactory.swift */; };
		6B88244A24E70D1B00B2005B /* ExtensionUIColor.swift in Sources */ = {isa = PBXBuildFile; fileRef = 6B88243B24E70D1B00B2005B /* ExtensionUIColor.swift */; };
		6B88244B24E70D1B00B2005B /* ExtensionSizeOffset.swift in Sources */ = {isa = PBXBuildFile; fileRef = 6B88243C24E70D1B00B2005B /* ExtensionSizeOffset.swift */; };
		6B88244C24E70D1B00B2005B /* ExtensionUINavigationBar.swift in Sources */ = {isa = PBXBuildFile; fileRef = 6B88243D24E70D1B00B2005B /* ExtensionUINavigationBar.swift */; };
		6B88244D24E70D1B00B2005B /* ExtensionUISearchBar.swift in Sources */ = {isa = PBXBuildFile; fileRef = 6B88243E24E70D1B00B2005B /* ExtensionUISearchBar.swift */; };
		6B88244E24E70D1B00B2005B /* ExtensionUINavigationController.swift in Sources */ = {isa = PBXBuildFile; fileRef = 6B88243F24E70D1B00B2005B /* ExtensionUINavigationController.swift */; };
		6B88244F24E70D1B00B2005B /* ExtensionUIView.swift in Sources */ = {isa = PBXBuildFile; fileRef = 6B88244024E70D1B00B2005B /* ExtensionUIView.swift */; };
		6B88245024E70D1B00B2005B /* ExtensionCGRect.swift in Sources */ = {isa = PBXBuildFile; fileRef = 6B88244124E70D1B00B2005B /* ExtensionCGRect.swift */; };
		6B88245124E70D1B00B2005B /* ExtensionUIBarButtonItem.swift in Sources */ = {isa = PBXBuildFile; fileRef = 6B88244224E70D1B00B2005B /* ExtensionUIBarButtonItem.swift */; };
		6B88245224E70D1B00B2005B /* ExtensionString.swift in Sources */ = {isa = PBXBuildFile; fileRef = 6B88244324E70D1B00B2005B /* ExtensionString.swift */; };
		6B88245324E70D1B00B2005B /* ExtensionCells.swift in Sources */ = {isa = PBXBuildFile; fileRef = 6B88244424E70D1B00B2005B /* ExtensionCells.swift */; };
		6B88245424E70D1B00B2005B /* XibInitializer.swift in Sources */ = {isa = PBXBuildFile; fileRef = 6B88244624E70D1B00B2005B /* XibInitializer.swift */; };
		6B88245524E70D1B00B2005B /* Utils.swift in Sources */ = {isa = PBXBuildFile; fileRef = 6B88244724E70D1B00B2005B /* Utils.swift */; };
/* End PBXBuildFile section */

/* Begin PBXCopyFilesBuildPhase section */
		6B36C9E024E6FE6F00DAE8B4 /* CopyFiles */ = {
			isa = PBXCopyFilesBuildPhase;
			buildActionMask = 2147483647;
			dstPath = "include/$(PRODUCT_NAME)";
			dstSubfolderSpec = 16;
			files = (
			);
			runOnlyForDeploymentPostprocessing = 0;
		};
/* End PBXCopyFilesBuildPhase section */

/* Begin PBXFileReference section */
		6B36C9E224E6FE6F00DAE8B4 /* libMDFoundation.a */ = {isa = PBXFileReference; explicitFileType = archive.ar; includeInIndex = 0; path = libMDFoundation.a; sourceTree = BUILT_PRODUCTS_DIR; };
		6B88243824E70D1B00B2005B /* StringValidator.swift */ = {isa = PBXFileReference; fileEncoding = 4; lastKnownFileType = sourcecode.swift; path = StringValidator.swift; sourceTree = "<group>"; };
		6B88243924E70D1B00B2005B /* AlertsFactory.swift */ = {isa = PBXFileReference; fileEncoding = 4; lastKnownFileType = sourcecode.swift; path = AlertsFactory.swift; sourceTree = "<group>"; };
		6B88243B24E70D1B00B2005B /* ExtensionUIColor.swift */ = {isa = PBXFileReference; fileEncoding = 4; lastKnownFileType = sourcecode.swift; path = ExtensionUIColor.swift; sourceTree = "<group>"; };
		6B88243C24E70D1B00B2005B /* ExtensionSizeOffset.swift */ = {isa = PBXFileReference; fileEncoding = 4; lastKnownFileType = sourcecode.swift; path = ExtensionSizeOffset.swift; sourceTree = "<group>"; };
		6B88243D24E70D1B00B2005B /* ExtensionUINavigationBar.swift */ = {isa = PBXFileReference; fileEncoding = 4; lastKnownFileType = sourcecode.swift; path = ExtensionUINavigationBar.swift; sourceTree = "<group>"; };
		6B88243E24E70D1B00B2005B /* ExtensionUISearchBar.swift */ = {isa = PBXFileReference; fileEncoding = 4; lastKnownFileType = sourcecode.swift; path = ExtensionUISearchBar.swift; sourceTree = "<group>"; };
		6B88243F24E70D1B00B2005B /* ExtensionUINavigationController.swift */ = {isa = PBXFileReference; fileEncoding = 4; lastKnownFileType = sourcecode.swift; path = ExtensionUINavigationController.swift; sourceTree = "<group>"; };
		6B88244024E70D1B00B2005B /* ExtensionUIView.swift */ = {isa = PBXFileReference; fileEncoding = 4; lastKnownFileType = sourcecode.swift; path = ExtensionUIView.swift; sourceTree = "<group>"; };
		6B88244124E70D1B00B2005B /* ExtensionCGRect.swift */ = {isa = PBXFileReference; fileEncoding = 4; lastKnownFileType = sourcecode.swift; path = ExtensionCGRect.swift; sourceTree = "<group>"; };
		6B88244224E70D1B00B2005B /* ExtensionUIBarButtonItem.swift */ = {isa = PBXFileReference; fileEncoding = 4; lastKnownFileType = sourcecode.swift; path = ExtensionUIBarButtonItem.swift; sourceTree = "<group>"; };
		6B88244324E70D1B00B2005B /* ExtensionString.swift */ = {isa = PBXFileReference; fileEncoding = 4; lastKnownFileType = sourcecode.swift; path = ExtensionString.swift; sourceTree = "<group>"; };
		6B88244424E70D1B00B2005B /* ExtensionCells.swift */ = {isa = PBXFileReference; fileEncoding = 4; lastKnownFileType = sourcecode.swift; path = ExtensionCells.swift; sourceTree = "<group>"; };
		6B88244624E70D1B00B2005B /* XibInitializer.swift */ = {isa = PBXFileReference; fileEncoding = 4; lastKnownFileType = sourcecode.swift; path = XibInitializer.swift; sourceTree = "<group>"; };
		6B88244724E70D1B00B2005B /* Utils.swift */ = {isa = PBXFileReference; fileEncoding = 4; lastKnownFileType = sourcecode.swift; path = Utils.swift; sourceTree = "<group>"; };
		6B88245624E70F4600B2005B /* MDFoundation.podspec */ = {isa = PBXFileReference; explicitFileType = text.script.ruby; fileEncoding = 4; path = MDFoundation.podspec; sourceTree = "<group>"; };
		6B88245724E70F4700B2005B /* Readme.md */ = {isa = PBXFileReference; fileEncoding = 4; lastKnownFileType = net.daringfireball.markdown; path = Readme.md; sourceTree = "<group>"; };
/* End PBXFileReference section */

/* Begin PBXFrameworksBuildPhase section */
		6B36C9DF24E6FE6F00DAE8B4 /* Frameworks */ = {
			isa = PBXFrameworksBuildPhase;
			buildActionMask = 2147483647;
			files = (
			);
			runOnlyForDeploymentPostprocessing = 0;
		};
/* End PBXFrameworksBuildPhase section */

/* Begin PBXGroup section */
		6B36C9D924E6FE6F00DAE8B4 = {
			isa = PBXGroup;
			children = (
				6B88245624E70F4600B2005B /* MDFoundation.podspec */,
				6B88245724E70F4700B2005B /* Readme.md */,
				6B36C9E424E6FE6F00DAE8B4 /* Source */,
				6B36C9E324E6FE6F00DAE8B4 /* Products */,
			);
			sourceTree = "<group>";
		};
		6B36C9E324E6FE6F00DAE8B4 /* Products */ = {
			isa = PBXGroup;
			children = (
				6B36C9E224E6FE6F00DAE8B4 /* libMDFoundation.a */,
			);
			name = Products;
			sourceTree = "<group>";
		};
		6B36C9E424E6FE6F00DAE8B4 /* Source */ = {
			isa = PBXGroup;
			children = (
				6B88243724E70D1B00B2005B /* Classes */,
				6B88243A24E70D1B00B2005B /* Extensions */,
				6B88244524E70D1B00B2005B /* Utils */,
			);
			path = Source;
			sourceTree = "<group>";
		};
		6B88243724E70D1B00B2005B /* Classes */ = {
			isa = PBXGroup;
			children = (
				6B88243824E70D1B00B2005B /* StringValidator.swift */,
				6B88243924E70D1B00B2005B /* AlertsFactory.swift */,
			);
			path = Classes;
			sourceTree = "<group>";
		};
		6B88243A24E70D1B00B2005B /* Extensions */ = {
			isa = PBXGroup;
			children = (
				6B88243B24E70D1B00B2005B /* ExtensionUIColor.swift */,
				6B88243C24E70D1B00B2005B /* ExtensionSizeOffset.swift */,
				6B88243D24E70D1B00B2005B /* ExtensionUINavigationBar.swift */,
				6B88243E24E70D1B00B2005B /* ExtensionUISearchBar.swift */,
				6B88243F24E70D1B00B2005B /* ExtensionUINavigationController.swift */,
				6B88244024E70D1B00B2005B /* ExtensionUIView.swift */,
				6B88244124E70D1B00B2005B /* ExtensionCGRect.swift */,
				6B88244224E70D1B00B2005B /* ExtensionUIBarButtonItem.swift */,
				6B88244324E70D1B00B2005B /* ExtensionString.swift */,
				6B88244424E70D1B00B2005B /* ExtensionCells.swift */,
			);
			path = Extensions;
			sourceTree = "<group>";
		};
		6B88244524E70D1B00B2005B /* Utils */ = {
			isa = PBXGroup;
			children = (
				6B88244624E70D1B00B2005B /* XibInitializer.swift */,
				6B88244724E70D1B00B2005B /* Utils.swift */,
			);
			path = Utils;
			sourceTree = "<group>";
		};
/* End PBXGroup section */

/* Begin PBXNativeTarget section */
		6B36C9E124E6FE6F00DAE8B4 /* MDFoundation */ = {
			isa = PBXNativeTarget;
			buildConfigurationList = 6B36C9E924E6FE6F00DAE8B4 /* Build configuration list for PBXNativeTarget "MDFoundation" */;
			buildPhases = (
				6B36C9DE24E6FE6F00DAE8B4 /* Sources */,
				6B36C9DF24E6FE6F00DAE8B4 /* Frameworks */,
				6B36C9E024E6FE6F00DAE8B4 /* CopyFiles */,
			);
			buildRules = (
			);
			dependencies = (
			);
			name = MDFoundation;
			productName = MDFoundation;
			productReference = 6B36C9E224E6FE6F00DAE8B4 /* libMDFoundation.a */;
			productType = "com.apple.product-type.library.static";
		};
/* End PBXNativeTarget section */

/* Begin PBXProject section */
		6B36C9DA24E6FE6F00DAE8B4 /* Project object */ = {
			isa = PBXProject;
			attributes = {
				LastSwiftUpdateCheck = 1140;
				LastUpgradeCheck = 1140;
				ORGANIZATIONNAME = "Михаил Андреичев";
				TargetAttributes = {
					6B36C9E124E6FE6F00DAE8B4 = {
						CreatedOnToolsVersion = 11.4.1;
					};
				};
			};
			buildConfigurationList = 6B36C9DD24E6FE6F00DAE8B4 /* Build configuration list for PBXProject "MDFoundation" */;
			compatibilityVersion = "Xcode 9.3";
			developmentRegion = en;
			hasScannedForEncodings = 0;
			knownRegions = (
				en,
				Base,
			);
			mainGroup = 6B36C9D924E6FE6F00DAE8B4;
			productRefGroup = 6B36C9E324E6FE6F00DAE8B4 /* Products */;
			projectDirPath = "";
			projectRoot = "";
			targets = (
				6B36C9E124E6FE6F00DAE8B4 /* MDFoundation */,
			);
		};
/* End PBXProject section */

/* Begin PBXSourcesBuildPhase section */
		6B36C9DE24E6FE6F00DAE8B4 /* Sources */ = {
			isa = PBXSourcesBuildPhase;
			buildActionMask = 2147483647;
			files = (
				6B88245124E70D1B00B2005B /* ExtensionUIBarButtonItem.swift in Sources */,
				6B88244C24E70D1B00B2005B /* ExtensionUINavigationBar.swift in Sources */,
				6B88244824E70D1B00B2005B /* StringValidator.swift in Sources */,
				6B88245524E70D1B00B2005B /* Utils.swift in Sources */,
				6B88245324E70D1B00B2005B /* ExtensionCells.swift in Sources */,
				6B88244E24E70D1B00B2005B /* ExtensionUINavigationController.swift in Sources */,
				6B88244A24E70D1B00B2005B /* ExtensionUIColor.swift in Sources */,
				6B88244924E70D1B00B2005B /* AlertsFactory.swift in Sources */,
				6B88244B24E70D1B00B2005B /* ExtensionSizeOffset.swift in Sources */,
				6B88245224E70D1B00B2005B /* ExtensionString.swift in Sources */,
				6B88245424E70D1B00B2005B /* XibInitializer.swift in Sources */,
				6B88244F24E70D1B00B2005B /* ExtensionUIView.swift in Sources */,
				6B88245024E70D1B00B2005B /* ExtensionCGRect.swift in Sources */,
				6B88244D24E70D1B00B2005B /* ExtensionUISearchBar.swift in Sources */,
			);
			runOnlyForDeploymentPostprocessing = 0;
		};
/* End PBXSourcesBuildPhase section */

/* Begin XCBuildConfiguration section */
		6B36C9E724E6FE6F00DAE8B4 /* Debug */ = {
			isa = XCBuildConfiguration;
			buildSettings = {
				ALWAYS_SEARCH_USER_PATHS = NO;
				CLANG_ANALYZER_NONNULL = YES;
				CLANG_ANALYZER_NUMBER_OBJECT_CONVERSION = YES_AGGRESSIVE;
				CLANG_CXX_LANGUAGE_STANDARD = "gnu++14";
				CLANG_CXX_LIBRARY = "libc++";
				CLANG_ENABLE_MODULES = YES;
				CLANG_ENABLE_OBJC_ARC = YES;
				CLANG_ENABLE_OBJC_WEAK = YES;
				CLANG_WARN_BLOCK_CAPTURE_AUTORELEASING = YES;
				CLANG_WARN_BOOL_CONVERSION = YES;
				CLANG_WARN_COMMA = YES;
				CLANG_WARN_CONSTANT_CONVERSION = YES;
				CLANG_WARN_DEPRECATED_OBJC_IMPLEMENTATIONS = YES;
				CLANG_WARN_DIRECT_OBJC_ISA_USAGE = YES_ERROR;
				CLANG_WARN_DOCUMENTATION_COMMENTS = YES;
				CLANG_WARN_EMPTY_BODY = YES;
				CLANG_WARN_ENUM_CONVERSION = YES;
				CLANG_WARN_INFINITE_RECURSION = YES;
				CLANG_WARN_INT_CONVERSION = YES;
				CLANG_WARN_NON_LITERAL_NULL_CONVERSION = YES;
				CLANG_WARN_OBJC_IMPLICIT_RETAIN_SELF = YES;
				CLANG_WARN_OBJC_LITERAL_CONVERSION = YES;
				CLANG_WARN_OBJC_ROOT_CLASS = YES_ERROR;
				CLANG_WARN_RANGE_LOOP_ANALYSIS = YES;
				CLANG_WARN_STRICT_PROTOTYPES = YES;
				CLANG_WARN_SUSPICIOUS_MOVE = YES;
				CLANG_WARN_UNGUARDED_AVAILABILITY = YES_AGGRESSIVE;
				CLANG_WARN_UNREACHABLE_CODE = YES;
				CLANG_WARN__DUPLICATE_METHOD_MATCH = YES;
				COPY_PHASE_STRIP = NO;
				DEBUG_INFORMATION_FORMAT = dwarf;
				ENABLE_STRICT_OBJC_MSGSEND = YES;
				ENABLE_TESTABILITY = YES;
				GCC_C_LANGUAGE_STANDARD = gnu11;
				GCC_DYNAMIC_NO_PIC = NO;
				GCC_NO_COMMON_BLOCKS = YES;
				GCC_OPTIMIZATION_LEVEL = 0;
				GCC_PREPROCESSOR_DEFINITIONS = (
					"DEBUG=1",
					"$(inherited)",
				);
				GCC_WARN_64_TO_32_BIT_CONVERSION = YES;
				GCC_WARN_ABOUT_RETURN_TYPE = YES_ERROR;
				GCC_WARN_UNDECLARED_SELECTOR = YES;
				GCC_WARN_UNINITIALIZED_AUTOS = YES_AGGRESSIVE;
				GCC_WARN_UNUSED_FUNCTION = YES;
				GCC_WARN_UNUSED_VARIABLE = YES;
				IPHONEOS_DEPLOYMENT_TARGET = 11;
				MTL_ENABLE_DEBUG_INFO = INCLUDE_SOURCE;
				MTL_FAST_MATH = YES;
				ONLY_ACTIVE_ARCH = YES;
				SDKROOT = iphoneos;
				SWIFT_ACTIVE_COMPILATION_CONDITIONS = DEBUG;
				SWIFT_OPTIMIZATION_LEVEL = "-Onone";
			};
			name = Debug;
		};
		6B36C9E824E6FE6F00DAE8B4 /* Release */ = {
			isa = XCBuildConfiguration;
			buildSettings = {
				ALWAYS_SEARCH_USER_PATHS = NO;
				CLANG_ANALYZER_NONNULL = YES;
				CLANG_ANALYZER_NUMBER_OBJECT_CONVERSION = YES_AGGRESSIVE;
				CLANG_CXX_LANGUAGE_STANDARD = "gnu++14";
				CLANG_CXX_LIBRARY = "libc++";
				CLANG_ENABLE_MODULES = YES;
				CLANG_ENABLE_OBJC_ARC = YES;
				CLANG_ENABLE_OBJC_WEAK = YES;
				CLANG_WARN_BLOCK_CAPTURE_AUTORELEASING = YES;
				CLANG_WARN_BOOL_CONVERSION = YES;
				CLANG_WARN_COMMA = YES;
				CLANG_WARN_CONSTANT_CONVERSION = YES;
				CLANG_WARN_DEPRECATED_OBJC_IMPLEMENTATIONS = YES;
				CLANG_WARN_DIRECT_OBJC_ISA_USAGE = YES_ERROR;
				CLANG_WARN_DOCUMENTATION_COMMENTS = YES;
				CLANG_WARN_EMPTY_BODY = YES;
				CLANG_WARN_ENUM_CONVERSION = YES;
				CLANG_WARN_INFINITE_RECURSION = YES;
				CLANG_WARN_INT_CONVERSION = YES;
				CLANG_WARN_NON_LITERAL_NULL_CONVERSION = YES;
				CLANG_WARN_OBJC_IMPLICIT_RETAIN_SELF = YES;
				CLANG_WARN_OBJC_LITERAL_CONVERSION = YES;
				CLANG_WARN_OBJC_ROOT_CLASS = YES_ERROR;
				CLANG_WARN_RANGE_LOOP_ANALYSIS = YES;
				CLANG_WARN_STRICT_PROTOTYPES = YES;
				CLANG_WARN_SUSPICIOUS_MOVE = YES;
				CLANG_WARN_UNGUARDED_AVAILABILITY = YES_AGGRESSIVE;
				CLANG_WARN_UNREACHABLE_CODE = YES;
				CLANG_WARN__DUPLICATE_METHOD_MATCH = YES;
				COPY_PHASE_STRIP = NO;
				DEBUG_INFORMATION_FORMAT = "dwarf-with-dsym";
				ENABLE_NS_ASSERTIONS = NO;
				ENABLE_STRICT_OBJC_MSGSEND = YES;
				GCC_C_LANGUAGE_STANDARD = gnu11;
				GCC_NO_COMMON_BLOCKS = YES;
				GCC_WARN_64_TO_32_BIT_CONVERSION = YES;
				GCC_WARN_ABOUT_RETURN_TYPE = YES_ERROR;
				GCC_WARN_UNDECLARED_SELECTOR = YES;
				GCC_WARN_UNINITIALIZED_AUTOS = YES_AGGRESSIVE;
				GCC_WARN_UNUSED_FUNCTION = YES;
				GCC_WARN_UNUSED_VARIABLE = YES;
				IPHONEOS_DEPLOYMENT_TARGET = 11;
				MTL_ENABLE_DEBUG_INFO = NO;
				MTL_FAST_MATH = YES;
				SDKROOT = iphoneos;
				SWIFT_COMPILATION_MODE = wholemodule;
				SWIFT_OPTIMIZATION_LEVEL = "-O";
				VALIDATE_PRODUCT = YES;
			};
			name = Release;
		};
		6B36C9EA24E6FE6F00DAE8B4 /* Debug */ = {
			isa = XCBuildConfiguration;
			buildSettings = {
				CODE_SIGN_STYLE = Automatic;
				DEVELOPMENT_TEAM = NXAGVF2MTG;
				OTHER_LDFLAGS = "-ObjC";
				PRODUCT_NAME = "$(TARGET_NAME)";
				SKIP_INSTALL = YES;
				SWIFT_VERSION = 5.0;
				TARGETED_DEVICE_FAMILY = "1,2";
			};
			name = Debug;
		};
		6B36C9EB24E6FE6F00DAE8B4 /* Release */ = {
			isa = XCBuildConfiguration;
			buildSettings = {
				CODE_SIGN_STYLE = Automatic;
				DEVELOPMENT_TEAM = NXAGVF2MTG;
				OTHER_LDFLAGS = "-ObjC";
				PRODUCT_NAME = "$(TARGET_NAME)";
				SKIP_INSTALL = YES;
				SWIFT_VERSION = 5.0;
				TARGETED_DEVICE_FAMILY = "1,2";
			};
			name = Release;
		};
/* End XCBuildConfiguration section */

/* Begin XCConfigurationList section */
		6B36C9DD24E6FE6F00DAE8B4 /* Build configuration list for PBXProject "MDFoundation" */ = {
			isa = XCConfigurationList;
			buildConfigurations = (
				6B36C9E724E6FE6F00DAE8B4 /* Debug */,
				6B36C9E824E6FE6F00DAE8B4 /* Release */,
			);
			defaultConfigurationIsVisible = 0;
			defaultConfigurationName = Release;
		};
		6B36C9E924E6FE6F00DAE8B4 /* Build configuration list for PBXNativeTarget "MDFoundation" */ = {
			isa = XCConfigurationList;
			buildConfigurations = (
				6B36C9EA24E6FE6F00DAE8B4 /* Debug */,
				6B36C9EB24E6FE6F00DAE8B4 /* Release */,
			);
			defaultConfigurationIsVisible = 0;
			defaultConfigurationName = Release;
		};
/* End XCConfigurationList section */
	};
	rootObject = 6B36C9DA24E6FE6F00DAE8B4 /* Project object */;
}
